<?xml version="1.0" encoding="utf-8"?>
<Project ToolsVersion="4.0" xmlns="http://schemas.microsoft.com/developer/msbuild/2003">
  <ItemGroup>
    <ClCompile Include="Battle.cpp" />
    <ClCompile Include="ClearScreen.cpp" />
    <ClCompile Include="CollisionRect.cpp" />
    <ClCompile Include="Enemies.cpp" />
    <ClCompile Include="Enemy.cpp" />
    <ClCompile Include="GameMenu.cpp" />
    <ClCompile Include="Interaction.cpp" />
    <ClCompile Include="Items.cpp" />
    <ClCompile Include="MainMenu.cpp" />
    <ClCompile Include="Map.cpp" />
    <ClCompile Include="NPC.cpp" />
    <ClCompile Include="Point.cpp" />
    <ClCompile Include="Quests.cpp" />
    <ClCompile Include="SDL_Font_Setup.cpp" />
    <ClCompile Include="SDL_Keyboard.cpp" />
    <ClCompile Include="SDL_Setup.cpp" />
    <ClCompile Include="Sprite.cpp" />
    <ClCompile Include="Text.cpp" />
    <ClCompile Include="Tree.cpp" />
    <ClCompile Include="PlayerManager.cpp" />
    <ClCompile Include="GameLoop.cpp" />
    <ClCompile Include="Main.cpp" />
    <ClCompile Include="EventManager.cpp" />
    <ClCompile Include="Loot.cpp" />
    <ClCompile Include="MainCharacter.cpp" />
    <ClCompile Include="BattleManager.cpp" />
    <ClCompile Include="TextManager.cpp" />
    <ClCompile Include="SDL_Sound.cpp" />
    <ClCompile Include="SFXManager.cpp" />
    <ClCompile Include="Environment.cpp" />
    <ClCompile Include="ConsoleDebug.cpp" />
    <ClCompile Include="NPCManager.cpp" />
    <ClCompile Include="FileManagement.cpp" />
    <ClCompile Include="EntityManager.cpp" />
  </ItemGroup>
  <ItemGroup>
    <ClInclude Include="Battle.h" />
    <ClInclude Include="ClearScreen.h" />
    <ClInclude Include="CollissionRect.h" />
    <ClInclude Include="Enemies.h" />
    <ClInclude Include="Enemy.h" />
    <ClInclude Include="GameMenu.h" />
    <ClInclude Include="Interaction.h" />
    <ClInclude Include="Items.h" />
    <ClInclude Include="MainMenu.h" />
    <ClInclude Include="Map.h" />
    <ClInclude Include="NPC.h" />
    <ClInclude Include="Point.h" />
    <ClInclude Include="Quests.h" />
    <ClInclude Include="SDL_Font_Setup.h" />
    <ClInclude Include="SDL_Keyboard.h" />
    <ClInclude Include="SDL_Setup.h" />
    <ClInclude Include="Sprite.h" />
    <ClInclude Include="stdafx.h" />
    <ClInclude Include="Text.h" />
    <ClInclude Include="Tree.h" />
    <ClInclude Include="PlayerManager.h" />
    <ClInclude Include="resource.h" />
    <ClInclude Include="GameLoop.h" />
    <ClInclude Include="EventManager.h" />
    <ClInclude Include="Loot.h" />
    <ClInclude Include="MainCharacter.h" />
    <ClInclude Include="BattleManager.h" />
    <ClInclude Include="TextManager.h" />
    <ClInclude Include="SDL_Sound.h" />
    <ClInclude Include="SFXManager.h" />
    <ClInclude Include="Environment.h" />
    <ClInclude Include="ConsoleDebug.h" />
    <ClInclude Include="NPCManager.h" />
    <ClInclude Include="FileManagement.h" />
    <ClInclude Include="EntityManager.h" />
  </ItemGroup>
  <ItemGroup>
    <None Include="ClassDiagram.cd" />
    <None Include="html1.htm" />
  </ItemGroup>
  <ItemGroup>
    <Text Include="ReadMe.txt" />
  </ItemGroup>
  <ItemGroup>
    <ResourceCompile Include="ForgedMemories.rc" />
  </ItemGroup>
</Project>