
Microsoft Visual Studio Solution File, Format Version 12.00
# Visual Studio 2012
Project("{8BC9CEB8-8B4A-11D0-8D11-00A0C91BC942}") = "ForgedMemories", "ForgedMemories.vcxproj", "{BA3E40A5-0979-4BB4-87A9-7DF170B44A28}"
EndProject
Global
	GlobalSection(SolutionConfigurationPlatforms) = preSolution
		Debug|Win32 = Debug|Win32
		Release|Win32 = Release|Win32
	EndGlobalSection
	GlobalSection(ProjectConfigurationPlatforms) = postSolution
		{BA3E40A5-0979-4BB4-87A9-7DF170B44A28}.Debug|Win32.ActiveCfg = Debug|Win32
		{BA3E40A5-0979-4BB4-87A9-7DF170B44A28}.Debug|Win32.Build.0 = Debug|Win32
		{BA3E40A5-0979-4BB4-87A9-7DF170B44A28}.Release|Win32.ActiveCfg = Release|Win32
		{BA3E40A5-0979-4BB4-87A9-7DF170B44A28}.Release|Win32.Build.0 = Release|Win32
	EndGlobalSection
	GlobalSection(SolutionProperties) = preSolution
		HideSolutionNode = FALSE
	EndGlobalSection
EndGlobal
